
Microsoft Visual Studio Solution File, Format Version 12.00
# Visual Studio Version 17
VisualStudioVersion = 17.10.35004.147
MinimumVisualStudioVersion = 10.0.40219.1
Project("{FAE04EC0-301F-11D3-BF4B-00C04F79EFBC}") = "ShranjevanjeZetonaMAUI", "ShranjevanjeZetonaMAUI\ShranjevanjeZetonaMAUI.csproj", "{D9D09A1A-4B61-4CD7-9701-4E88F891EA8D}"
EndProject
Global
	GlobalSection(SolutionConfigurationPlatforms) = preSolution
		Debug|Any CPU = Debug|Any CPU
		Release|Any CPU = Release|Any CPU
	EndGlobalSection
	GlobalSection(ProjectConfigurationPlatforms) = postSolution
		{D9D09A1A-4B61-4CD7-9701-4E88F891EA8D}.Debug|Any CPU.ActiveCfg = Debug|Any CPU
		{D9D09A1A-4B61-4CD7-9701-4E88F891EA8D}.Debug|Any CPU.Build.0 = Debug|Any CPU
		{D9D09A1A-4B61-4CD7-9701-4E88F891EA8D}.Debug|Any CPU.Deploy.0 = Debug|Any CPU
		{D9D09A1A-4B61-4CD7-9701-4E88F891EA8D}.Release|Any CPU.ActiveCfg = Release|Any CPU
		{D9D09A1A-4B61-4CD7-9701-4E88F891EA8D}.Release|Any CPU.Build.0 = Release|Any CPU
		{D9D09A1A-4B61-4CD7-9701-4E88F891EA8D}.Release|Any CPU.Deploy.0 = Release|Any CPU
	EndGlobalSection
	GlobalSection(SolutionProperties) = preSolution
		HideSolutionNode = FALSE
	EndGlobalSection
	GlobalSection(ExtensibilityGlobals) = postSolution
		SolutionGuid = {E61CEC8B-6EC7-4B20-BC36-0E7D13BE1A54}
	EndGlobalSection
EndGlobal
